
Microsoft Visual Studio Solution File, Format Version 12.00
# Visual Studio Version 16
VisualStudioVersion = 16.0.31129.286
MinimumVisualStudioVersion = 10.0.40219.1
Project("{FAE04EC0-301F-11D3-BF4B-00C04F79EFBC}") = "Course", "Course\Course.csproj", "{DBD54787-3A83-4B5A-924F-BC195253D76F}"
EndProject
Global
	GlobalSection(SolutionConfigurationPlatforms) = preSolution
		Debug|Any CPU = Debug|Any CPU
		Release|Any CPU = Release|Any CPU
	EndGlobalSection
	GlobalSection(ProjectConfigurationPlatforms) = postSolution
		{DBD54787-3A83-4B5A-924F-BC195253D76F}.Debug|Any CPU.ActiveCfg = Debug|Any CPU
		{DBD54787-3A83-4B5A-924F-BC195253D76F}.Debug|Any CPU.Build.0 = Debug|Any CPU
		{DBD54787-3A83-4B5A-924F-BC195253D76F}.Release|Any CPU.ActiveCfg = Release|Any CPU
		{DBD54787-3A83-4B5A-924F-BC195253D76F}.Release|Any CPU.Build.0 = Release|Any CPU
	EndGlobalSection
	GlobalSection(SolutionProperties) = preSolution
		HideSolutionNode = FALSE
	EndGlobalSection
	GlobalSection(ExtensibilityGlobals) = postSolution
		SolutionGuid = {4C9F1173-7724-47F3-AEE5-8F86E693688F}
	EndGlobalSection
EndGlobal
